
Microsoft Visual Studio Solution File, Format Version 12.00
# Visual Studio 15
VisualStudioVersion = 15.0.27004.2002
MinimumVisualStudioVersion = 10.0.40219.1
Project("{FAE04EC0-301F-11D3-BF4B-00C04F79EFBC}") = "BackOffice.WebAPI", "BackOffice.WebAPI\BackOffice.WebAPI.csproj", "{D532E6A1-E0E7-4E6F-8B96-1CD2B943BFD5}"
EndProject
Project("{FAE04EC0-301F-11D3-BF4B-00C04F79EFBC}") = "Backup.ClassLibrary", "Backup.ClassLibrary\Backup.ClassLibrary.csproj", "{4FEBA704-8429-4597-A9D3-E89A0706E6F9}"
EndProject
Project("{FAE04EC0-301F-11D3-BF4B-00C04F79EFBC}") = "VeeamBackOfficeUnit.Test", "VeeamBackOfficeUnitTest\VeeamBackOfficeUnit.Test.csproj", "{7939337D-1614-4998-8AF9-0639034F0942}"
	ProjectSection(ProjectDependencies) = postProject
		{4FEBA704-8429-4597-A9D3-E89A0706E6F9} = {4FEBA704-8429-4597-A9D3-E89A0706E6F9}
		{D532E6A1-E0E7-4E6F-8B96-1CD2B943BFD5} = {D532E6A1-E0E7-4E6F-8B96-1CD2B943BFD5}
	EndProjectSection
EndProject
Global
	GlobalSection(SolutionConfigurationPlatforms) = preSolution
		Debug|Any CPU = Debug|Any CPU
		Release|Any CPU = Release|Any CPU
	EndGlobalSection
	GlobalSection(ProjectConfigurationPlatforms) = postSolution
		{D532E6A1-E0E7-4E6F-8B96-1CD2B943BFD5}.Debug|Any CPU.ActiveCfg = Debug|Any CPU
		{D532E6A1-E0E7-4E6F-8B96-1CD2B943BFD5}.Debug|Any CPU.Build.0 = Debug|Any CPU
		{D532E6A1-E0E7-4E6F-8B96-1CD2B943BFD5}.Release|Any CPU.ActiveCfg = Release|Any CPU
		{D532E6A1-E0E7-4E6F-8B96-1CD2B943BFD5}.Release|Any CPU.Build.0 = Release|Any CPU
		{4FEBA704-8429-4597-A9D3-E89A0706E6F9}.Debug|Any CPU.ActiveCfg = Debug|Any CPU
		{4FEBA704-8429-4597-A9D3-E89A0706E6F9}.Debug|Any CPU.Build.0 = Debug|Any CPU
		{4FEBA704-8429-4597-A9D3-E89A0706E6F9}.Release|Any CPU.ActiveCfg = Release|Any CPU
		{4FEBA704-8429-4597-A9D3-E89A0706E6F9}.Release|Any CPU.Build.0 = Release|Any CPU
		{7939337D-1614-4998-8AF9-0639034F0942}.Debug|Any CPU.ActiveCfg = Debug|Any CPU
		{7939337D-1614-4998-8AF9-0639034F0942}.Debug|Any CPU.Build.0 = Debug|Any CPU
		{7939337D-1614-4998-8AF9-0639034F0942}.Release|Any CPU.ActiveCfg = Release|Any CPU
		{7939337D-1614-4998-8AF9-0639034F0942}.Release|Any CPU.Build.0 = Release|Any CPU
	EndGlobalSection
	GlobalSection(SolutionProperties) = preSolution
		HideSolutionNode = FALSE
	EndGlobalSection
	GlobalSection(ExtensibilityGlobals) = postSolution
		SolutionGuid = {2BE313D4-E9DF-4E88-986F-82BD7BC21102}
	EndGlobalSection
	GlobalSection(TeamFoundationVersionControl) = preSolution
		SccNumberOfProjects = 4
		SccEnterpriseProvider = {4CA58AB2-18FA-4F8D-95D4-32DDF27D184C}
		SccTeamFoundationServer = http://tfs2017.addlink.com:8080/tfs/9t
		SccLocalPath0 = .
		SccProjectUniqueName1 = BackOffice.WebAPI\\BackOffice.WebAPI.csproj
		SccProjectName1 = BackOffice.WebAPI
		SccLocalPath1 = BackOffice.WebAPI
		SccProjectUniqueName2 = Backup.ClassLibrary\\Backup.ClassLibrary.csproj
		SccProjectName2 = Backup.ClassLibrary
		SccLocalPath2 = Backup.ClassLibrary
		SccProjectUniqueName3 = VeeamBackOfficeUnitTest\\VeeamBackOfficeUnit.Test.csproj
		SccProjectName3 = VeeamBackOfficeUnitTest
		SccLocalPath3 = VeeamBackOfficeUnitTest
	EndGlobalSection
EndGlobal
